
Microsoft Visual Studio Solution File, Format Version 12.00
Project("{2150E333-8FDC-42A3-9474-1A3956D46DE8}") = "src", "src", "{410E37C9-B3B6-430D-9F93-8EA0C2378D02}"
EndProject
Project("{FAE04EC0-301F-11D3-BF4B-00C04F79EFBC}") = "api", "api\api.csproj", "{9FBE6D37-0AA7-4AF2-8085-B46E4910DE0D}"
EndProject
Project("{2150E333-8FDC-42A3-9474-1A3956D46DE8}") = "Solution Items", "Solution Items", "{C69BC579-2D72-412A-83DC-9F48E4843221}"
	ProjectSection(SolutionItems) = preProject
		docker-compose.yml = docker-compose.yml
	EndProjectSection
EndProject
Global
	GlobalSection(SolutionConfigurationPlatforms) = preSolution
		Debug|Any CPU = Debug|Any CPU
		Release|Any CPU = Release|Any CPU
	EndGlobalSection
	GlobalSection(NestedProjects) = preSolution
		{9FBE6D37-0AA7-4AF2-8085-B46E4910DE0D} = {410E37C9-B3B6-430D-9F93-8EA0C2378D02}
	EndGlobalSection
	GlobalSection(ProjectConfigurationPlatforms) = postSolution
		{9FBE6D37-0AA7-4AF2-8085-B46E4910DE0D}.Debug|Any CPU.ActiveCfg = Debug|Any CPU
		{9FBE6D37-0AA7-4AF2-8085-B46E4910DE0D}.Debug|Any CPU.Build.0 = Debug|Any CPU
		{9FBE6D37-0AA7-4AF2-8085-B46E4910DE0D}.Release|Any CPU.ActiveCfg = Release|Any CPU
		{9FBE6D37-0AA7-4AF2-8085-B46E4910DE0D}.Release|Any CPU.Build.0 = Release|Any CPU
	EndGlobalSection
EndGlobal
